
Microsoft Visual Studio Solution File, Format Version 12.00
# Visual Studio Version 16
VisualStudioVersion = 16.0.29613.14
MinimumVisualStudioVersion = 10.0.40219.1
Project("{FAE04EC0-301F-11D3-BF4B-00C04F79EFBC}") = "Auth", "Auth\Auth.csproj", "{AFB6A2E1-29B2-4C70-BAAE-8E67AC0D7CA2}"
EndProject
Project("{FAE04EC0-301F-11D3-BF4B-00C04F79EFBC}") = "API", "API\API.csproj", "{6981B825-0917-48B7-9530-89E861AB9D4C}"
EndProject
Project("{FAE04EC0-301F-11D3-BF4B-00C04F79EFBC}") = "Client", "Client\Client.csproj", "{B38B91C9-6A28-48AC-982D-1863998ED676}"
EndProject
Global
	GlobalSection(SolutionConfigurationPlatforms) = preSolution
		Debug|Any CPU = Debug|Any CPU
		Release|Any CPU = Release|Any CPU
	EndGlobalSection
	GlobalSection(ProjectConfigurationPlatforms) = postSolution
		{AFB6A2E1-29B2-4C70-BAAE-8E67AC0D7CA2}.Debug|Any CPU.ActiveCfg = Debug|Any CPU
		{AFB6A2E1-29B2-4C70-BAAE-8E67AC0D7CA2}.Debug|Any CPU.Build.0 = Debug|Any CPU
		{AFB6A2E1-29B2-4C70-BAAE-8E67AC0D7CA2}.Release|Any CPU.ActiveCfg = Release|Any CPU
		{AFB6A2E1-29B2-4C70-BAAE-8E67AC0D7CA2}.Release|Any CPU.Build.0 = Release|Any CPU
		{6981B825-0917-48B7-9530-89E861AB9D4C}.Debug|Any CPU.ActiveCfg = Debug|Any CPU
		{6981B825-0917-48B7-9530-89E861AB9D4C}.Debug|Any CPU.Build.0 = Debug|Any CPU
		{6981B825-0917-48B7-9530-89E861AB9D4C}.Release|Any CPU.ActiveCfg = Release|Any CPU
		{6981B825-0917-48B7-9530-89E861AB9D4C}.Release|Any CPU.Build.0 = Release|Any CPU
		{B38B91C9-6A28-48AC-982D-1863998ED676}.Debug|Any CPU.ActiveCfg = Debug|Any CPU
		{B38B91C9-6A28-48AC-982D-1863998ED676}.Debug|Any CPU.Build.0 = Debug|Any CPU
		{B38B91C9-6A28-48AC-982D-1863998ED676}.Release|Any CPU.ActiveCfg = Release|Any CPU
		{B38B91C9-6A28-48AC-982D-1863998ED676}.Release|Any CPU.Build.0 = Release|Any CPU
	EndGlobalSection
	GlobalSection(SolutionProperties) = preSolution
		HideSolutionNode = FALSE
	EndGlobalSection
	GlobalSection(ExtensibilityGlobals) = postSolution
		SolutionGuid = {A486C277-4D24-473B-8177-D45E33DF79BD}
	EndGlobalSection
EndGlobal
